
Microsoft Visual Studio Solution File, Format Version 11.00
# Visual Studio 2010
Project("{FAE04EC0-301F-11D3-BF4B-00C04F79EFBC}") = "Assembly-CSharp", "Assembly-CSharp.csproj", "{FC30EE5F-4BB4-708D-DD0D-8CEFEE51DED3}"
EndProject
Project("{FAE04EC0-301F-11D3-BF4B-00C04F79EFBC}") = "Assembly-CSharp-Editor", "Assembly-CSharp-Editor.csproj", "{7A5D3266-B4B0-A86A-060B-7DDDC5EF7517}"
EndProject
Global
	GlobalSection(SolutionConfigurationPlatforms) = preSolution
		Debug|Any CPU = Debug|Any CPU
		Release|Any CPU = Release|Any CPU
	EndGlobalSection
	GlobalSection(ProjectConfigurationPlatforms) = postSolution
		{FC30EE5F-4BB4-708D-DD0D-8CEFEE51DED3}.Debug|Any CPU.ActiveCfg = Debug|Any CPU
		{FC30EE5F-4BB4-708D-DD0D-8CEFEE51DED3}.Debug|Any CPU.Build.0 = Debug|Any CPU
		{FC30EE5F-4BB4-708D-DD0D-8CEFEE51DED3}.Release|Any CPU.ActiveCfg = Release|Any CPU
		{FC30EE5F-4BB4-708D-DD0D-8CEFEE51DED3}.Release|Any CPU.Build.0 = Release|Any CPU
		{7A5D3266-B4B0-A86A-060B-7DDDC5EF7517}.Debug|Any CPU.ActiveCfg = Debug|Any CPU
		{7A5D3266-B4B0-A86A-060B-7DDDC5EF7517}.Debug|Any CPU.Build.0 = Debug|Any CPU
		{7A5D3266-B4B0-A86A-060B-7DDDC5EF7517}.Release|Any CPU.ActiveCfg = Release|Any CPU
		{7A5D3266-B4B0-A86A-060B-7DDDC5EF7517}.Release|Any CPU.Build.0 = Release|Any CPU
	EndGlobalSection
	GlobalSection(SolutionProperties) = preSolution
		HideSolutionNode = FALSE
	EndGlobalSection
	GlobalSection(MonoDevelopProperties) = preSolution
		StartupItem = Assembly-CSharp.csproj
	EndGlobalSection
EndGlobal
